// !$*UTF8*$!
{
	archiveVersion = 1;
	classes = {
	};
	objectVersion = 56;
	objects = {

/* Begin PBXBuildFile section */
		183118872BFA338700E09662 /* AppDelegate.swift in Sources */ = {isa = PBXBuildFile; fileRef = 183118862BFA338700E09662 /* AppDelegate.swift */; };
		183118892BFA338700E09662 /* SceneDelegate.swift in Sources */ = {isa = PBXBuildFile; fileRef = 183118882BFA338700E09662 /* SceneDelegate.swift */; };
		1831188B2BFA338700E09662 /* CustomTableView.swift in Sources */ = {isa = PBXBuildFile; fileRef = 1831188A2BFA338700E09662 /* CustomTableView.swift */; };
		183118902BFA338900E09662 /* Assets.xcassets in Resources */ = {isa = PBXBuildFile; fileRef = 1831188F2BFA338900E09662 /* Assets.xcassets */; };
		183118932BFA338900E09662 /* LaunchScreen.storyboard in Resources */ = {isa = PBXBuildFile; fileRef = 183118912BFA338900E09662 /* LaunchScreen.storyboard */; };
		1831189F2BFA58D200E09662 /* CustomTableViewCell.swift in Sources */ = {isa = PBXBuildFile; fileRef = 1831189E2BFA58D200E09662 /* CustomTableViewCell.swift */; };
		183118A22BFA69C200E09662 /* Furniture.swift in Sources */ = {isa = PBXBuildFile; fileRef = 183118A12BFA69C200E09662 /* Furniture.swift */; };
		183118A42BFA71B400E09662 /* FurnitureController.swift in Sources */ = {isa = PBXBuildFile; fileRef = 183118A32BFA71B400E09662 /* FurnitureController.swift */; };
/* End PBXBuildFile section */

/* Begin PBXFileReference section */
		183118832BFA338700E09662 /* iOS-UI4-hw4.app */ = {isa = PBXFileReference; explicitFileType = wrapper.application; includeInIndex = 0; path = "iOS-UI4-hw4.app"; sourceTree = BUILT_PRODUCTS_DIR; };
		183118862BFA338700E09662 /* AppDelegate.swift */ = {isa = PBXFileReference; lastKnownFileType = sourcecode.swift; path = AppDelegate.swift; sourceTree = "<group>"; };
		183118882BFA338700E09662 /* SceneDelegate.swift */ = {isa = PBXFileReference; lastKnownFileType = sourcecode.swift; path = SceneDelegate.swift; sourceTree = "<group>"; };
		1831188A2BFA338700E09662 /* CustomTableView.swift */ = {isa = PBXFileReference; lastKnownFileType = sourcecode.swift; path = CustomTableView.swift; sourceTree = "<group>"; };
		1831188F2BFA338900E09662 /* Assets.xcassets */ = {isa = PBXFileReference; lastKnownFileType = folder.assetcatalog; path = Assets.xcassets; sourceTree = "<group>"; };
		183118922BFA338900E09662 /* Base */ = {isa = PBXFileReference; lastKnownFileType = file.storyboard; name = Base; path = Base.lproj/LaunchScreen.storyboard; sourceTree = "<group>"; };
		183118942BFA338900E09662 /* Info.plist */ = {isa = PBXFileReference; lastKnownFileType = text.plist.xml; path = Info.plist; sourceTree = "<group>"; };
		1831189E2BFA58D200E09662 /* CustomTableViewCell.swift */ = {isa = PBXFileReference; lastKnownFileType = sourcecode.swift; path = CustomTableViewCell.swift; sourceTree = "<group>"; };
		183118A12BFA69C200E09662 /* Furniture.swift */ = {isa = PBXFileReference; lastKnownFileType = sourcecode.swift; path = Furniture.swift; sourceTree = "<group>"; };
		183118A32BFA71B400E09662 /* FurnitureController.swift */ = {isa = PBXFileReference; lastKnownFileType = sourcecode.swift; path = FurnitureController.swift; sourceTree = "<group>"; };
/* End PBXFileReference section */

/* Begin PBXFrameworksBuildPhase section */
		183118802BFA338700E09662 /* Frameworks */ = {
			isa = PBXFrameworksBuildPhase;
			buildActionMask = 2147483647;
			files = (
			);
			runOnlyForDeploymentPostprocessing = 0;
		};
/* End PBXFrameworksBuildPhase section */

/* Begin PBXGroup section */
		1831187A2BFA338700E09662 = {
			isa = PBXGroup;
			children = (
				183118852BFA338700E09662 /* iOS-UI4-hw4 */,
				183118842BFA338700E09662 /* Products */,
			);
			sourceTree = "<group>";
		};
		183118842BFA338700E09662 /* Products */ = {
			isa = PBXGroup;
			children = (
				183118832BFA338700E09662 /* iOS-UI4-hw4.app */,
			);
			name = Products;
			sourceTree = "<group>";
		};
		183118852BFA338700E09662 /* iOS-UI4-hw4 */ = {
			isa = PBXGroup;
			children = (
				183118A02BFA69B300E09662 /* Model */,
				1831189D2BFA588600E09662 /* Cell */,
				1831189A2BFA33B500E09662 /* AppDelegate */,
				1831189C2BFA33CC00E09662 /* Controllers */,
				1831189B2BFA33C200E09662 /* Resources */,
				183118942BFA338900E09662 /* Info.plist */,
			);
			path = "iOS-UI4-hw4";
			sourceTree = "<group>";
		};
		1831189A2BFA33B500E09662 /* AppDelegate */ = {
			isa = PBXGroup;
			children = (
				183118862BFA338700E09662 /* AppDelegate.swift */,
				183118882BFA338700E09662 /* SceneDelegate.swift */,
			);
			path = AppDelegate;
			sourceTree = "<group>";
		};
		1831189B2BFA33C200E09662 /* Resources */ = {
			isa = PBXGroup;
			children = (
				1831188F2BFA338900E09662 /* Assets.xcassets */,
				183118912BFA338900E09662 /* LaunchScreen.storyboard */,
			);
			path = Resources;
			sourceTree = "<group>";
		};
		1831189C2BFA33CC00E09662 /* Controllers */ = {
			isa = PBXGroup;
			children = (
				1831188A2BFA338700E09662 /* CustomTableView.swift */,
				183118A32BFA71B400E09662 /* FurnitureController.swift */,
			);
			path = Controllers;
			sourceTree = "<group>";
		};
		1831189D2BFA588600E09662 /* Cell */ = {
			isa = PBXGroup;
			children = (
				1831189E2BFA58D200E09662 /* CustomTableViewCell.swift */,
			);
			path = Cell;
			sourceTree = "<group>";
		};
		183118A02BFA69B300E09662 /* Model */ = {
			isa = PBXGroup;
			children = (
				183118A12BFA69C200E09662 /* Furniture.swift */,
			);
			path = Model;
			sourceTree = "<group>";
		};
/* End PBXGroup section */

/* Begin PBXNativeTarget section */
		183118822BFA338700E09662 /* iOS-UI4-hw4 */ = {
			isa = PBXNativeTarget;
			buildConfigurationList = 183118972BFA338900E09662 /* Build configuration list for PBXNativeTarget "iOS-UI4-hw4" */;
			buildPhases = (
				1831187F2BFA338700E09662 /* Sources */,
				183118802BFA338700E09662 /* Frameworks */,
				183118812BFA338700E09662 /* Resources */,
			);
			buildRules = (
			);
			dependencies = (
			);
			name = "iOS-UI4-hw4";
			productName = "iOS-UI4-hw4";
			productReference = 183118832BFA338700E09662 /* iOS-UI4-hw4.app */;
			productType = "com.apple.product-type.application";
		};
/* End PBXNativeTarget section */

/* Begin PBXProject section */
		1831187B2BFA338700E09662 /* Project object */ = {
			isa = PBXProject;
			attributes = {
				BuildIndependentTargetsInParallel = 1;
				LastSwiftUpdateCheck = 1520;
				LastUpgradeCheck = 1520;
				TargetAttributes = {
					183118822BFA338700E09662 = {
						CreatedOnToolsVersion = 15.2;
					};
				};
			};
			buildConfigurationList = 1831187E2BFA338700E09662 /* Build configuration list for PBXProject "iOS-UI4-hw4" */;
			compatibilityVersion = "Xcode 14.0";
			developmentRegion = en;
			hasScannedForEncodings = 0;
			knownRegions = (
				en,
				Base,
			);
			mainGroup = 1831187A2BFA338700E09662;
			productRefGroup = 183118842BFA338700E09662 /* Products */;
			projectDirPath = "";
			projectRoot = "";
			targets = (
				183118822BFA338700E09662 /* iOS-UI4-hw4 */,
			);
		};
/* End PBXProject section */

/* Begin PBXResourcesBuildPhase section */
		183118812BFA338700E09662 /* Resources */ = {
			isa = PBXResourcesBuildPhase;
			buildActionMask = 2147483647;
			files = (
				183118932BFA338900E09662 /* LaunchScreen.storyboard in Resources */,
				183118902BFA338900E09662 /* Assets.xcassets in Resources */,
			);
			runOnlyForDeploymentPostprocessing = 0;
		};
/* End PBXResourcesBuildPhase section */

/* Begin PBXSourcesBuildPhase section */
		1831187F2BFA338700E09662 /* Sources */ = {
			isa = PBXSourcesBuildPhase;
			buildActionMask = 2147483647;
			files = (
				1831188B2BFA338700E09662 /* CustomTableView.swift in Sources */,
				183118872BFA338700E09662 /* AppDelegate.swift in Sources */,
				183118A22BFA69C200E09662 /* Furniture.swift in Sources */,
				1831189F2BFA58D200E09662 /* CustomTableViewCell.swift in Sources */,
				183118A42BFA71B400E09662 /* FurnitureController.swift in Sources */,
				183118892BFA338700E09662 /* SceneDelegate.swift in Sources */,
			);
			runOnlyForDeploymentPostprocessing = 0;
		};
/* End PBXSourcesBuildPhase section */

/* Begin PBXVariantGroup section */
		183118912BFA338900E09662 /* LaunchScreen.storyboard */ = {
			isa = PBXVariantGroup;
			children = (
				183118922BFA338900E09662 /* Base */,
			);
			name = LaunchScreen.storyboard;
			sourceTree = "<group>";
		};
/* End PBXVariantGroup section */

/* Begin XCBuildConfiguration section */
		183118952BFA338900E09662 /* Debug */ = {
			isa = XCBuildConfiguration;
			buildSettings = {
				ALWAYS_SEARCH_USER_PATHS = NO;
				ASSETCATALOG_COMPILER_GENERATE_SWIFT_ASSET_SYMBOL_EXTENSIONS = YES;
				CLANG_ANALYZER_NONNULL = YES;
				CLANG_ANALYZER_NUMBER_OBJECT_CONVERSION = YES_AGGRESSIVE;
				CLANG_CXX_LANGUAGE_STANDARD = "gnu++20";
				CLANG_ENABLE_MODULES = YES;
				CLANG_ENABLE_OBJC_ARC = YES;
				CLANG_ENABLE_OBJC_WEAK = YES;
				CLANG_WARN_BLOCK_CAPTURE_AUTORELEASING = YES;
				CLANG_WARN_BOOL_CONVERSION = YES;
				CLANG_WARN_COMMA = YES;
				CLANG_WARN_CONSTANT_CONVERSION = YES;
				CLANG_WARN_DEPRECATED_OBJC_IMPLEMENTATIONS = YES;
				CLANG_WARN_DIRECT_OBJC_ISA_USAGE = YES_ERROR;
				CLANG_WARN_DOCUMENTATION_COMMENTS = YES;
				CLANG_WARN_EMPTY_BODY = YES;
				CLANG_WARN_ENUM_CONVERSION = YES;
				CLANG_WARN_INFINITE_RECURSION = YES;
				CLANG_WARN_INT_CONVERSION = YES;
				CLANG_WARN_NON_LITERAL_NULL_CONVERSION = YES;
				CLANG_WARN_OBJC_IMPLICIT_RETAIN_SELF = YES;
				CLANG_WARN_OBJC_LITERAL_CONVERSION = YES;
				CLANG_WARN_OBJC_ROOT_CLASS = YES_ERROR;
				CLANG_WARN_QUOTED_INCLUDE_IN_FRAMEWORK_HEADER = YES;
				CLANG_WARN_RANGE_LOOP_ANALYSIS = YES;
				CLANG_WARN_STRICT_PROTOTYPES = YES;
				CLANG_WARN_SUSPICIOUS_MOVE = YES;
				CLANG_WARN_UNGUARDED_AVAILABILITY = YES_AGGRESSIVE;
				CLANG_WARN_UNREACHABLE_CODE = YES;
				CLANG_WARN__DUPLICATE_METHOD_MATCH = YES;
				COPY_PHASE_STRIP = NO;
				DEBUG_INFORMATION_FORMAT = dwarf;
				ENABLE_STRICT_OBJC_MSGSEND = YES;
				ENABLE_TESTABILITY = YES;
				ENABLE_USER_SCRIPT_SANDBOXING = YES;
				GCC_C_LANGUAGE_STANDARD = gnu17;
				GCC_DYNAMIC_NO_PIC = NO;
				GCC_NO_COMMON_BLOCKS = YES;
				GCC_OPTIMIZATION_LEVEL = 0;
				GCC_PREPROCESSOR_DEFINITIONS = (
					"DEBUG=1",
					"$(inherited)",
				);
				GCC_WARN_64_TO_32_BIT_CONVERSION = YES;
				GCC_WARN_ABOUT_RETURN_TYPE = YES_ERROR;
				GCC_WARN_UNDECLARED_SELECTOR = YES;
				GCC_WARN_UNINITIALIZED_AUTOS = YES_AGGRESSIVE;
				GCC_WARN_UNUSED_FUNCTION = YES;
				GCC_WARN_UNUSED_VARIABLE = YES;
				IPHONEOS_DEPLOYMENT_TARGET = 17.2;
				LOCALIZATION_PREFERS_STRING_CATALOGS = YES;
				MTL_ENABLE_DEBUG_INFO = INCLUDE_SOURCE;
				MTL_FAST_MATH = YES;
				ONLY_ACTIVE_ARCH = YES;
				SDKROOT = iphoneos;
				SWIFT_ACTIVE_COMPILATION_CONDITIONS = "DEBUG $(inherited)";
				SWIFT_OPTIMIZATION_LEVEL = "-Onone";
			};
			name = Debug;
		};
		183118962BFA338900E09662 /* Release */ = {
			isa = XCBuildConfiguration;
			buildSettings = {
				ALWAYS_SEARCH_USER_PATHS = NO;
				ASSETCATALOG_COMPILER_GENERATE_SWIFT_ASSET_SYMBOL_EXTENSIONS = YES;
				CLANG_ANALYZER_NONNULL = YES;
				CLANG_ANALYZER_NUMBER_OBJECT_CONVERSION = YES_AGGRESSIVE;
				CLANG_CXX_LANGUAGE_STANDARD = "gnu++20";
				CLANG_ENABLE_MODULES = YES;
				CLANG_ENABLE_OBJC_ARC = YES;
				CLANG_ENABLE_OBJC_WEAK = YES;
				CLANG_WARN_BLOCK_CAPTURE_AUTORELEASING = YES;
				CLANG_WARN_BOOL_CONVERSION = YES;
				CLANG_WARN_COMMA = YES;
				CLANG_WARN_CONSTANT_CONVERSION = YES;
				CLANG_WARN_DEPRECATED_OBJC_IMPLEMENTATIONS = YES;
				CLANG_WARN_DIRECT_OBJC_ISA_USAGE = YES_ERROR;
				CLANG_WARN_DOCUMENTATION_COMMENTS = YES;
				CLANG_WARN_EMPTY_BODY = YES;
				CLANG_WARN_ENUM_CONVERSION = YES;
				CLANG_WARN_INFINITE_RECURSION = YES;
				CLANG_WARN_INT_CONVERSION = YES;
				CLANG_WARN_NON_LITERAL_NULL_CONVERSION = YES;
				CLANG_WARN_OBJC_IMPLICIT_RETAIN_SELF = YES;
				CLANG_WARN_OBJC_LITERAL_CONVERSION = YES;
				CLANG_WARN_OBJC_ROOT_CLASS = YES_ERROR;
				CLANG_WARN_QUOTED_INCLUDE_IN_FRAMEWORK_HEADER = YES;
				CLANG_WARN_RANGE_LOOP_ANALYSIS = YES;
				CLANG_WARN_STRICT_PROTOTYPES = YES;
				CLANG_WARN_SUSPICIOUS_MOVE = YES;
				CLANG_WARN_UNGUARDED_AVAILABILITY = YES_AGGRESSIVE;
				CLANG_WARN_UNREACHABLE_CODE = YES;
				CLANG_WARN__DUPLICATE_METHOD_MATCH = YES;
				COPY_PHASE_STRIP = NO;
				DEBUG_INFORMATION_FORMAT = "dwarf-with-dsym";
				ENABLE_NS_ASSERTIONS = NO;
				ENABLE_STRICT_OBJC_MSGSEND = YES;
				ENABLE_USER_SCRIPT_SANDBOXING = YES;
				GCC_C_LANGUAGE_STANDARD = gnu17;
				GCC_NO_COMMON_BLOCKS = YES;
				GCC_WARN_64_TO_32_BIT_CONVERSION = YES;
				GCC_WARN_ABOUT_RETURN_TYPE = YES_ERROR;
				GCC_WARN_UNDECLARED_SELECTOR = YES;
				GCC_WARN_UNINITIALIZED_AUTOS = YES_AGGRESSIVE;
				GCC_WARN_UNUSED_FUNCTION = YES;
				GCC_WARN_UNUSED_VARIABLE = YES;
				IPHONEOS_DEPLOYMENT_TARGET = 17.2;
				LOCALIZATION_PREFERS_STRING_CATALOGS = YES;
				MTL_ENABLE_DEBUG_INFO = NO;
				MTL_FAST_MATH = YES;
				SDKROOT = iphoneos;
				SWIFT_COMPILATION_MODE = wholemodule;
				VALIDATE_PRODUCT = YES;
			};
			name = Release;
		};
		183118982BFA338900E09662 /* Debug */ = {
			isa = XCBuildConfiguration;
			buildSettings = {
				ASSETCATALOG_COMPILER_APPICON_NAME = AppIcon;
				ASSETCATALOG_COMPILER_GLOBAL_ACCENT_COLOR_NAME = AccentColor;
				CODE_SIGN_STYLE = Automatic;
				CURRENT_PROJECT_VERSION = 1;
				GENERATE_INFOPLIST_FILE = YES;
				INFOPLIST_FILE = "iOS-UI4-hw4/Info.plist";
				INFOPLIST_KEY_UIApplicationSupportsIndirectInputEvents = YES;
				INFOPLIST_KEY_UILaunchStoryboardName = LaunchScreen;
				INFOPLIST_KEY_UISupportedInterfaceOrientations_iPad = "UIInterfaceOrientationPortrait UIInterfaceOrientationPortraitUpsideDown UIInterfaceOrientationLandscapeLeft UIInterfaceOrientationLandscapeRight";
				INFOPLIST_KEY_UISupportedInterfaceOrientations_iPhone = "UIInterfaceOrientationPortrait UIInterfaceOrientationLandscapeLeft UIInterfaceOrientationLandscapeRight";
				LD_RUNPATH_SEARCH_PATHS = (
					"$(inherited)",
					"@executable_path/Frameworks",
				);
				MARKETING_VERSION = 1.0;
				PRODUCT_BUNDLE_IDENTIFIER = "kg.auca.iOS-UI4-hw4";
				PRODUCT_NAME = "$(TARGET_NAME)";
				SWIFT_EMIT_LOC_STRINGS = YES;
				SWIFT_VERSION = 5.0;
				TARGETED_DEVICE_FAMILY = "1,2";
			};
			name = Debug;
		};
		183118992BFA338900E09662 /* Release */ = {
			isa = XCBuildConfiguration;
			buildSettings = {
				ASSETCATALOG_COMPILER_APPICON_NAME = AppIcon;
				ASSETCATALOG_COMPILER_GLOBAL_ACCENT_COLOR_NAME = AccentColor;
				CODE_SIGN_STYLE = Automatic;
				CURRENT_PROJECT_VERSION = 1;
				GENERATE_INFOPLIST_FILE = YES;
				INFOPLIST_FILE = "iOS-UI4-hw4/Info.plist";
				INFOPLIST_KEY_UIApplicationSupportsIndirectInputEvents = YES;
				INFOPLIST_KEY_UILaunchStoryboardName = LaunchScreen;
				INFOPLIST_KEY_UISupportedInterfaceOrientations_iPad = "UIInterfaceOrientationPortrait UIInterfaceOrientationPortraitUpsideDown UIInterfaceOrientationLandscapeLeft UIInterfaceOrientationLandscapeRight";
				INFOPLIST_KEY_UISupportedInterfaceOrientations_iPhone = "UIInterfaceOrientationPortrait UIInterfaceOrientationLandscapeLeft UIInterfaceOrientationLandscapeRight";
				LD_RUNPATH_SEARCH_PATHS = (
					"$(inherited)",
					"@executable_path/Frameworks",
				);
				MARKETING_VERSION = 1.0;
				PRODUCT_BUNDLE_IDENTIFIER = "kg.auca.iOS-UI4-hw4";
				PRODUCT_NAME = "$(TARGET_NAME)";
				SWIFT_EMIT_LOC_STRINGS = YES;
				SWIFT_VERSION = 5.0;
				TARGETED_DEVICE_FAMILY = "1,2";
			};
			name = Release;
		};
/* End XCBuildConfiguration section */

/* Begin XCConfigurationList section */
		1831187E2BFA338700E09662 /* Build configuration list for PBXProject "iOS-UI4-hw4" */ = {
			isa = XCConfigurationList;
			buildConfigurations = (
				183118952BFA338900E09662 /* Debug */,
				183118962BFA338900E09662 /* Release */,
			);
			defaultConfigurationIsVisible = 0;
			defaultConfigurationName = Release;
		};
		183118972BFA338900E09662 /* Build configuration list for PBXNativeTarget "iOS-UI4-hw4" */ = {
			isa = XCConfigurationList;
			buildConfigurations = (
				183118982BFA338900E09662 /* Debug */,
				183118992BFA338900E09662 /* Release */,
			);
			defaultConfigurationIsVisible = 0;
			defaultConfigurationName = Release;
		};
/* End XCConfigurationList section */
	};
	rootObject = 1831187B2BFA338700E09662 /* Project object */;
}
